// !$*UTF8*$!
{
	archiveVersion = 1;
	classes = {
	};
	objectVersion = 77;
	objects = {

/* Begin PBXBuildFile section */
		C6B776922DC12ACB005468BC /* CombinedAudioEngine.swift in Sources */ = {isa = PBXBuildFile; fileRef = C6B776912DC12ACB005468BC /* CombinedAudioEngine.swift */; };
		C6CBAE642D9AF19C0053C5AB /* AudioRecorder.swift in Sources */ = {isa = PBXBuildFile; fileRef = C6CBAE632D9AF19C0053C5AB /* AudioRecorder.swift */; };
		C6CBAE692D9AFE560053C5AB /* MacAudioRecorderApp.swift in Sources */ = {isa = PBXBuildFile; fileRef = C6CBAE682D9AFE560053C5AB /* MacAudioRecorderApp.swift */; };
		C6CBAE6A2D9AFE560053C5AB /* AppDelegate.swift in Sources */ = {isa = PBXBuildFile; fileRef = C6CBAE672D9AFE560053C5AB /* AppDelegate.swift */; };
		C6CBAE6E2D9B00870053C5AB /* Info.plist in Resources */ = {isa = PBXBuildFile; fileRef = C6CBAE6D2D9B00870053C5AB /* Info.plist */; };
		C6CBAE702D9B00870053C5AB /* ContentView.swift in Sources */ = {isa = PBXBuildFile; fileRef = C6CBAE6C2D9B00870053C5AB /* ContentView.swift */; };
/* End PBXBuildFile section */

/* Begin PBXContainerItemProxy section */
		C6CBAE472D9AF08C0053C5AB /* PBXContainerItemProxy */ = {
			isa = PBXContainerItemProxy;
			containerPortal = C6CBAE2D2D9AF08A0053C5AB /* Project object */;
			proxyType = 1;
			remoteGlobalIDString = C6CBAE342D9AF08A0053C5AB;
			remoteInfo = MacAudioRecorder;
		};
		C6CBAE512D9AF08C0053C5AB /* PBXContainerItemProxy */ = {
			isa = PBXContainerItemProxy;
			containerPortal = C6CBAE2D2D9AF08A0053C5AB /* Project object */;
			proxyType = 1;
			remoteGlobalIDString = C6CBAE342D9AF08A0053C5AB;
			remoteInfo = MacAudioRecorder;
		};
/* End PBXContainerItemProxy section */

/* Begin PBXCopyFilesBuildPhase section */
		C6D0787F2DC16E31006C3F1D /* Embed Libraries */ = {
			isa = PBXCopyFilesBuildPhase;
			buildActionMask = 2147483647;
			dstPath = "";
			dstSubfolderSpec = 10;
			files = (
			);
			name = "Embed Libraries";
			runOnlyForDeploymentPostprocessing = 0;
		};
/* End PBXCopyFilesBuildPhase section */

/* Begin PBXFileReference section */
		C6B776912DC12ACB005468BC /* CombinedAudioEngine.swift */ = {isa = PBXFileReference; lastKnownFileType = sourcecode.swift; path = CombinedAudioEngine.swift; sourceTree = "<group>"; };
		C6CBAE352D9AF08A0053C5AB /* MacAudioRecorder.app */ = {isa = PBXFileReference; explicitFileType = wrapper.application; includeInIndex = 0; path = MacAudioRecorder.app; sourceTree = BUILT_PRODUCTS_DIR; };
		C6CBAE462D9AF08C0053C5AB /* MacAudioRecorderTests.xctest */ = {isa = PBXFileReference; explicitFileType = wrapper.cfbundle; includeInIndex = 0; path = MacAudioRecorderTests.xctest; sourceTree = BUILT_PRODUCTS_DIR; };
		C6CBAE502D9AF08C0053C5AB /* MacAudioRecorderUITests.xctest */ = {isa = PBXFileReference; explicitFileType = wrapper.cfbundle; includeInIndex = 0; path = MacAudioRecorderUITests.xctest; sourceTree = BUILT_PRODUCTS_DIR; };
		C6CBAE632D9AF19C0053C5AB /* AudioRecorder.swift */ = {isa = PBXFileReference; lastKnownFileType = sourcecode.swift; path = AudioRecorder.swift; sourceTree = "<group>"; };
		C6CBAE672D9AFE560053C5AB /* AppDelegate.swift */ = {isa = PBXFileReference; lastKnownFileType = sourcecode.swift; path = AppDelegate.swift; sourceTree = "<group>"; };
		C6CBAE682D9AFE560053C5AB /* MacAudioRecorderApp.swift */ = {isa = PBXFileReference; lastKnownFileType = sourcecode.swift; path = MacAudioRecorderApp.swift; sourceTree = "<group>"; };
		C6CBAE6C2D9B00870053C5AB /* ContentView.swift */ = {isa = PBXFileReference; lastKnownFileType = sourcecode.swift; path = ContentView.swift; sourceTree = "<group>"; };
		C6CBAE6D2D9B00870053C5AB /* Info.plist */ = {isa = PBXFileReference; lastKnownFileType = text.plist.xml; path = Info.plist; sourceTree = "<group>"; };
		C6D078752DC16E18006C3F1D /* Preview Assets.xcassets */ = {isa = PBXFileReference; lastKnownFileType = folder.assetcatalog; path = "Preview Assets.xcassets"; sourceTree = "<group>"; };
		C6D078772DC16E18006C3F1D /* Assets.xcassets */ = {isa = PBXFileReference; lastKnownFileType = folder.assetcatalog; path = Assets.xcassets; sourceTree = "<group>"; };
		C6D078782DC16E18006C3F1D /* CombinedRecordingView.swift */ = {isa = PBXFileReference; lastKnownFileType = sourcecode.swift; path = CombinedRecordingView.swift; sourceTree = "<group>"; };
		C6D078792DC16E18006C3F1D /* libwhisper.dylib */ = {isa = PBXFileReference; lastKnownFileType = "compiled.mach-o.dylib"; path = libwhisper.dylib; sourceTree = "<group>"; };
		C6D0787A2DC16E18006C3F1D /* MacAudioRecorder.entitlements */ = {isa = PBXFileReference; lastKnownFileType = text.plist.entitlements; path = MacAudioRecorder.entitlements; sourceTree = "<group>"; };
		C6D0787B2DC16E18006C3F1D /* MacAudioRecorder-Bridging-Header.h */ = {isa = PBXFileReference; lastKnownFileType = sourcecode.c.h; path = "MacAudioRecorder-Bridging-Header.h"; sourceTree = "<group>"; };
		C6D0787C2DC16E18006C3F1D /* whisper.h */ = {isa = PBXFileReference; lastKnownFileType = sourcecode.c.h; path = whisper.h; sourceTree = "<group>"; };
		C6D0787D2DC16E18006C3F1D /* WhisperTranscriber.swift */ = {isa = PBXFileReference; lastKnownFileType = sourcecode.swift; path = WhisperTranscriber.swift; sourceTree = "<group>"; };
/* End PBXFileReference section */

/* Begin PBXFileSystemSynchronizedGroupBuildPhaseMembershipExceptionSet section */
		C648DD462DC257E300641FFA /* Exceptions for "MacAudioRecorder" folder in "Embed Libraries" phase from "MacAudioRecorder" target */ = {
			isa = PBXFileSystemSynchronizedGroupBuildPhaseMembershipExceptionSet;
			attributesByRelativePath = {
				"libggml-base.dylib" = (CodeSignOnCopy, );
				"libggml-blas.dylib" = (CodeSignOnCopy, );
				"libggml-cpu.dylib" = (CodeSignOnCopy, );
				"libggml-metal.dylib" = (CodeSignOnCopy, );
				libggml.dylib = (CodeSignOnCopy, );
				libwhisper.1.dylib = (CodeSignOnCopy, );
			};
			buildPhase = C6D0787F2DC16E31006C3F1D /* Embed Libraries */;
			membershipExceptions = (
				"libggml-base.dylib",
				"libggml-blas.dylib",
				"libggml-cpu.dylib",
				"libggml-metal.dylib",
				libggml.dylib,
				libwhisper.1.dylib,
			);
		};
/* End PBXFileSystemSynchronizedGroupBuildPhaseMembershipExceptionSet section */

/* Begin PBXFileSystemSynchronizedRootGroup section */
		C6CBAE372D9AF08A0053C5AB /* MacAudioRecorder */ = {
			isa = PBXFileSystemSynchronizedRootGroup;
			exceptions = (
				C648DD462DC257E300641FFA /* Exceptions for "MacAudioRecorder" folder in "Embed Libraries" phase from "MacAudioRecorder" target */,
			);
			path = MacAudioRecorder;
			sourceTree = "<group>";
		};
		C6CBAE492D9AF08C0053C5AB /* MacAudioRecorderTests */ = {
			isa = PBXFileSystemSynchronizedRootGroup;
			path = MacAudioRecorderTests;
			sourceTree = "<group>";
		};
		C6CBAE532D9AF08C0053C5AB /* MacAudioRecorderUITests */ = {
			isa = PBXFileSystemSynchronizedRootGroup;
			path = MacAudioRecorderUITests;
			sourceTree = "<group>";
		};
/* End PBXFileSystemSynchronizedRootGroup section */

/* Begin PBXFrameworksBuildPhase section */
		C6CBAE322D9AF08A0053C5AB /* Frameworks */ = {
			isa = PBXFrameworksBuildPhase;
			buildActionMask = 2147483647;
			files = (
			);
			runOnlyForDeploymentPostprocessing = 0;
		};
		C6CBAE432D9AF08C0053C5AB /* Frameworks */ = {
			isa = PBXFrameworksBuildPhase;
			buildActionMask = 2147483647;
			files = (
			);
			runOnlyForDeploymentPostprocessing = 0;
		};
		C6CBAE4D2D9AF08C0053C5AB /* Frameworks */ = {
			isa = PBXFrameworksBuildPhase;
			buildActionMask = 2147483647;
			files = (
			);
			runOnlyForDeploymentPostprocessing = 0;
		};
/* End PBXFrameworksBuildPhase section */

/* Begin PBXGroup section */
		C6CBAE2C2D9AF08A0053C5AB = {
			isa = PBXGroup;
			children = (
				C6B776912DC12ACB005468BC /* CombinedAudioEngine.swift */,
				C6CBAE6C2D9B00870053C5AB /* ContentView.swift */,
				C6CBAE6D2D9B00870053C5AB /* Info.plist */,
				C6CBAE672D9AFE560053C5AB /* AppDelegate.swift */,
				C6CBAE682D9AFE560053C5AB /* MacAudioRecorderApp.swift */,
				C6CBAE632D9AF19C0053C5AB /* AudioRecorder.swift */,
				C6CBAE372D9AF08A0053C5AB /* MacAudioRecorder */,
				C6CBAE492D9AF08C0053C5AB /* MacAudioRecorderTests */,
				C6CBAE532D9AF08C0053C5AB /* MacAudioRecorderUITests */,
				C6D078742DC16E18006C3F1D /* Frameworks */,
				C6CBAE362D9AF08A0053C5AB /* Products */,
			);
			sourceTree = "<group>";
		};
		C6CBAE362D9AF08A0053C5AB /* Products */ = {
			isa = PBXGroup;
			children = (
				C6CBAE352D9AF08A0053C5AB /* MacAudioRecorder.app */,
				C6CBAE462D9AF08C0053C5AB /* MacAudioRecorderTests.xctest */,
				C6CBAE502D9AF08C0053C5AB /* MacAudioRecorderUITests.xctest */,
			);
			name = Products;
			sourceTree = "<group>";
		};
		C6D078742DC16E18006C3F1D /* Frameworks */ = {
			isa = PBXGroup;
			children = (
				C6D0787E2DC16E18006C3F1D /* MacAudioRecorder */,
			);
			name = Frameworks;
			sourceTree = "<group>";
		};
		C6D078762DC16E18006C3F1D /* Preview Content */ = {
			isa = PBXGroup;
			children = (
				C6D078752DC16E18006C3F1D /* Preview Assets.xcassets */,
			);
			path = "Preview Content";
			sourceTree = "<group>";
		};
		C6D0787E2DC16E18006C3F1D /* MacAudioRecorder */ = {
			isa = PBXGroup;
			children = (
				C6D078762DC16E18006C3F1D /* Preview Content */,
				C6D078772DC16E18006C3F1D /* Assets.xcassets */,
				C6D078782DC16E18006C3F1D /* CombinedRecordingView.swift */,
				C6D078792DC16E18006C3F1D /* libwhisper.dylib */,
				C6D0787A2DC16E18006C3F1D /* MacAudioRecorder.entitlements */,
				C6D0787B2DC16E18006C3F1D /* MacAudioRecorder-Bridging-Header.h */,
				C6D0787C2DC16E18006C3F1D /* whisper.h */,
				C6D0787D2DC16E18006C3F1D /* WhisperTranscriber.swift */,
			);
			path = MacAudioRecorder;
			sourceTree = "<group>";
		};
/* End PBXGroup section */

/* Begin PBXNativeTarget section */
		C6CBAE342D9AF08A0053C5AB /* MacAudioRecorder */ = {
			isa = PBXNativeTarget;
			buildConfigurationList = C6CBAE5A2D9AF08C0053C5AB /* Build configuration list for PBXNativeTarget "MacAudioRecorder" */;
			buildPhases = (
				C6CBAE312D9AF08A0053C5AB /* Sources */,
				C6CBAE322D9AF08A0053C5AB /* Frameworks */,
				C6CBAE332D9AF08A0053C5AB /* Resources */,
				C6D0787F2DC16E31006C3F1D /* Embed Libraries */,
			);
			buildRules = (
			);
			dependencies = (
			);
			fileSystemSynchronizedGroups = (
				C6CBAE372D9AF08A0053C5AB /* MacAudioRecorder */,
			);
			name = MacAudioRecorder;
			packageProductDependencies = (
			);
			productName = MacAudioRecorder;
			productReference = C6CBAE352D9AF08A0053C5AB /* MacAudioRecorder.app */;
			productType = "com.apple.product-type.application";
		};
		C6CBAE452D9AF08C0053C5AB /* MacAudioRecorderTests */ = {
			isa = PBXNativeTarget;
			buildConfigurationList = C6CBAE5D2D9AF08C0053C5AB /* Build configuration list for PBXNativeTarget "MacAudioRecorderTests" */;
			buildPhases = (
				C6CBAE422D9AF08C0053C5AB /* Sources */,
				C6CBAE432D9AF08C0053C5AB /* Frameworks */,
				C6CBAE442D9AF08C0053C5AB /* Resources */,
			);
			buildRules = (
			);
			dependencies = (
				C6CBAE482D9AF08C0053C5AB /* PBXTargetDependency */,
			);
			fileSystemSynchronizedGroups = (
				C6CBAE492D9AF08C0053C5AB /* MacAudioRecorderTests */,
			);
			name = MacAudioRecorderTests;
			packageProductDependencies = (
			);
			productName = MacAudioRecorderTests;
			productReference = C6CBAE462D9AF08C0053C5AB /* MacAudioRecorderTests.xctest */;
			productType = "com.apple.product-type.bundle.unit-test";
		};
		C6CBAE4F2D9AF08C0053C5AB /* MacAudioRecorderUITests */ = {
			isa = PBXNativeTarget;
			buildConfigurationList = C6CBAE602D9AF08C0053C5AB /* Build configuration list for PBXNativeTarget "MacAudioRecorderUITests" */;
			buildPhases = (
				C6CBAE4C2D9AF08C0053C5AB /* Sources */,
				C6CBAE4D2D9AF08C0053C5AB /* Frameworks */,
				C6CBAE4E2D9AF08C0053C5AB /* Resources */,
			);
			buildRules = (
			);
			dependencies = (
				C6CBAE522D9AF08C0053C5AB /* PBXTargetDependency */,
			);
			fileSystemSynchronizedGroups = (
				C6CBAE532D9AF08C0053C5AB /* MacAudioRecorderUITests */,
			);
			name = MacAudioRecorderUITests;
			packageProductDependencies = (
			);
			productName = MacAudioRecorderUITests;
			productReference = C6CBAE502D9AF08C0053C5AB /* MacAudioRecorderUITests.xctest */;
			productType = "com.apple.product-type.bundle.ui-testing";
		};
/* End PBXNativeTarget section */

/* Begin PBXProject section */
		C6CBAE2D2D9AF08A0053C5AB /* Project object */ = {
			isa = PBXProject;
			attributes = {
				BuildIndependentTargetsInParallel = 1;
				LastSwiftUpdateCheck = 1620;
				LastUpgradeCheck = 1620;
				TargetAttributes = {
					C6CBAE342D9AF08A0053C5AB = {
						CreatedOnToolsVersion = 16.2;
					};
					C6CBAE452D9AF08C0053C5AB = {
						CreatedOnToolsVersion = 16.2;
						TestTargetID = C6CBAE342D9AF08A0053C5AB;
					};
					C6CBAE4F2D9AF08C0053C5AB = {
						CreatedOnToolsVersion = 16.2;
						TestTargetID = C6CBAE342D9AF08A0053C5AB;
					};
				};
			};
			buildConfigurationList = C6CBAE302D9AF08A0053C5AB /* Build configuration list for PBXProject "MacAudioRecorder" */;
			developmentRegion = en;
			hasScannedForEncodings = 0;
			knownRegions = (
				en,
				Base,
			);
			mainGroup = C6CBAE2C2D9AF08A0053C5AB;
			minimizedProjectReferenceProxies = 1;
			preferredProjectObjectVersion = 77;
			productRefGroup = C6CBAE362D9AF08A0053C5AB /* Products */;
			projectDirPath = "";
			projectRoot = "";
			targets = (
				C6CBAE342D9AF08A0053C5AB /* MacAudioRecorder */,
				C6CBAE452D9AF08C0053C5AB /* MacAudioRecorderTests */,
				C6CBAE4F2D9AF08C0053C5AB /* MacAudioRecorderUITests */,
			);
		};
/* End PBXProject section */

/* Begin PBXResourcesBuildPhase section */
		C6CBAE332D9AF08A0053C5AB /* Resources */ = {
			isa = PBXResourcesBuildPhase;
			buildActionMask = 2147483647;
			files = (
				C6CBAE6E2D9B00870053C5AB /* Info.plist in Resources */,
			);
			runOnlyForDeploymentPostprocessing = 0;
		};
		C6CBAE442D9AF08C0053C5AB /* Resources */ = {
			isa = PBXResourcesBuildPhase;
			buildActionMask = 2147483647;
			files = (
			);
			runOnlyForDeploymentPostprocessing = 0;
		};
		C6CBAE4E2D9AF08C0053C5AB /* Resources */ = {
			isa = PBXResourcesBuildPhase;
			buildActionMask = 2147483647;
			files = (
			);
			runOnlyForDeploymentPostprocessing = 0;
		};
/* End PBXResourcesBuildPhase section */

/* Begin PBXSourcesBuildPhase section */
		C6CBAE312D9AF08A0053C5AB /* Sources */ = {
			isa = PBXSourcesBuildPhase;
			buildActionMask = 2147483647;
			files = (
				C6CBAE642D9AF19C0053C5AB /* AudioRecorder.swift in Sources */,
				C6B776922DC12ACB005468BC /* CombinedAudioEngine.swift in Sources */,
				C6CBAE692D9AFE560053C5AB /* MacAudioRecorderApp.swift in Sources */,
				C6CBAE6A2D9AFE560053C5AB /* AppDelegate.swift in Sources */,
				C6CBAE702D9B00870053C5AB /* ContentView.swift in Sources */,
			);
			runOnlyForDeploymentPostprocessing = 0;
		};
		C6CBAE422D9AF08C0053C5AB /* Sources */ = {
			isa = PBXSourcesBuildPhase;
			buildActionMask = 2147483647;
			files = (
			);
			runOnlyForDeploymentPostprocessing = 0;
		};
		C6CBAE4C2D9AF08C0053C5AB /* Sources */ = {
			isa = PBXSourcesBuildPhase;
			buildActionMask = 2147483647;
			files = (
			);
			runOnlyForDeploymentPostprocessing = 0;
		};
/* End PBXSourcesBuildPhase section */

/* Begin PBXTargetDependency section */
		C6CBAE482D9AF08C0053C5AB /* PBXTargetDependency */ = {
			isa = PBXTargetDependency;
			target = C6CBAE342D9AF08A0053C5AB /* MacAudioRecorder */;
			targetProxy = C6CBAE472D9AF08C0053C5AB /* PBXContainerItemProxy */;
		};
		C6CBAE522D9AF08C0053C5AB /* PBXTargetDependency */ = {
			isa = PBXTargetDependency;
			target = C6CBAE342D9AF08A0053C5AB /* MacAudioRecorder */;
			targetProxy = C6CBAE512D9AF08C0053C5AB /* PBXContainerItemProxy */;
		};
/* End PBXTargetDependency section */

/* Begin XCBuildConfiguration section */
		C6CBAE582D9AF08C0053C5AB /* Debug */ = {
			isa = XCBuildConfiguration;
			buildSettings = {
				ALWAYS_SEARCH_USER_PATHS = NO;
				ASSETCATALOG_COMPILER_GENERATE_SWIFT_ASSET_SYMBOL_EXTENSIONS = YES;
				CLANG_ANALYZER_NONNULL = YES;
				CLANG_ANALYZER_NUMBER_OBJECT_CONVERSION = YES_AGGRESSIVE;
				CLANG_CXX_LANGUAGE_STANDARD = "gnu++20";
				CLANG_ENABLE_MODULES = YES;
				CLANG_ENABLE_OBJC_ARC = YES;
				CLANG_ENABLE_OBJC_WEAK = YES;
				CLANG_WARN_BLOCK_CAPTURE_AUTORELEASING = YES;
				CLANG_WARN_BOOL_CONVERSION = YES;
				CLANG_WARN_COMMA = YES;
				CLANG_WARN_CONSTANT_CONVERSION = YES;
				CLANG_WARN_DEPRECATED_OBJC_IMPLEMENTATIONS = YES;
				CLANG_WARN_DIRECT_OBJC_ISA_USAGE = YES_ERROR;
				CLANG_WARN_DOCUMENTATION_COMMENTS = YES;
				CLANG_WARN_EMPTY_BODY = YES;
				CLANG_WARN_ENUM_CONVERSION = YES;
				CLANG_WARN_INFINITE_RECURSION = YES;
				CLANG_WARN_INT_CONVERSION = YES;
				CLANG_WARN_NON_LITERAL_NULL_CONVERSION = YES;
				CLANG_WARN_OBJC_IMPLICIT_RETAIN_SELF = YES;
				CLANG_WARN_OBJC_LITERAL_CONVERSION = YES;
				CLANG_WARN_OBJC_ROOT_CLASS = YES_ERROR;
				CLANG_WARN_QUOTED_INCLUDE_IN_FRAMEWORK_HEADER = YES;
				CLANG_WARN_RANGE_LOOP_ANALYSIS = YES;
				CLANG_WARN_STRICT_PROTOTYPES = YES;
				CLANG_WARN_SUSPICIOUS_MOVE = YES;
				CLANG_WARN_UNGUARDED_AVAILABILITY = YES_AGGRESSIVE;
				CLANG_WARN_UNREACHABLE_CODE = YES;
				CLANG_WARN__DUPLICATE_METHOD_MATCH = YES;
				COPY_PHASE_STRIP = NO;
				DEBUG_INFORMATION_FORMAT = dwarf;
				ENABLE_STRICT_OBJC_MSGSEND = YES;
				ENABLE_TESTABILITY = YES;
				ENABLE_USER_SCRIPT_SANDBOXING = YES;
				GCC_C_LANGUAGE_STANDARD = gnu17;
				GCC_DYNAMIC_NO_PIC = NO;
				GCC_NO_COMMON_BLOCKS = YES;
				GCC_OPTIMIZATION_LEVEL = 0;
				GCC_PREPROCESSOR_DEFINITIONS = (
					"DEBUG=1",
					"$(inherited)",
				);
				GCC_WARN_64_TO_32_BIT_CONVERSION = YES;
				GCC_WARN_ABOUT_RETURN_TYPE = YES_ERROR;
				GCC_WARN_UNDECLARED_SELECTOR = YES;
				GCC_WARN_UNINITIALIZED_AUTOS = YES_AGGRESSIVE;
				GCC_WARN_UNUSED_FUNCTION = YES;
				GCC_WARN_UNUSED_VARIABLE = YES;
				HEADER_SEARCH_PATHS = (
					"$(PROJECT_DIR)/whisper.cpp-master/include",
					"$(PROJECT_DIR)/whisper.cpp-master/ggml/include",
				);
				LIBRARY_SEARCH_PATHS = (
					"$(PROJECT_DIR)/MacAudioRecorder",
					"$(inherited)",
				);
				LOCALIZATION_PREFERS_STRING_CATALOGS = YES;
				MACOSX_DEPLOYMENT_TARGET = 15.2;
				MTL_ENABLE_DEBUG_INFO = INCLUDE_SOURCE;
				MTL_FAST_MATH = YES;
				ONLY_ACTIVE_ARCH = YES;
				SDKROOT = macosx;
				SWIFT_ACTIVE_COMPILATION_CONDITIONS = "DEBUG $(inherited)";
				SWIFT_OPTIMIZATION_LEVEL = "-Onone";
			};
			name = Debug;
		};
		C6CBAE592D9AF08C0053C5AB /* Release */ = {
			isa = XCBuildConfiguration;
			buildSettings = {
				ALWAYS_SEARCH_USER_PATHS = NO;
				ASSETCATALOG_COMPILER_GENERATE_SWIFT_ASSET_SYMBOL_EXTENSIONS = YES;
				CLANG_ANALYZER_NONNULL = YES;
				CLANG_ANALYZER_NUMBER_OBJECT_CONVERSION = YES_AGGRESSIVE;
				CLANG_CXX_LANGUAGE_STANDARD = "gnu++20";
				CLANG_ENABLE_MODULES = YES;
				CLANG_ENABLE_OBJC_ARC = YES;
				CLANG_ENABLE_OBJC_WEAK = YES;
				CLANG_WARN_BLOCK_CAPTURE_AUTORELEASING = YES;
				CLANG_WARN_BOOL_CONVERSION = YES;
				CLANG_WARN_COMMA = YES;
				CLANG_WARN_CONSTANT_CONVERSION = YES;
				CLANG_WARN_DEPRECATED_OBJC_IMPLEMENTATIONS = YES;
				CLANG_WARN_DIRECT_OBJC_ISA_USAGE = YES_ERROR;
				CLANG_WARN_DOCUMENTATION_COMMENTS = YES;
				CLANG_WARN_EMPTY_BODY = YES;
				CLANG_WARN_ENUM_CONVERSION = YES;
				CLANG_WARN_INFINITE_RECURSION = YES;
				CLANG_WARN_INT_CONVERSION = YES;
				CLANG_WARN_NON_LITERAL_NULL_CONVERSION = YES;
				CLANG_WARN_OBJC_IMPLICIT_RETAIN_SELF = YES;
				CLANG_WARN_OBJC_LITERAL_CONVERSION = YES;
				CLANG_WARN_OBJC_ROOT_CLASS = YES_ERROR;
				CLANG_WARN_QUOTED_INCLUDE_IN_FRAMEWORK_HEADER = YES;
				CLANG_WARN_RANGE_LOOP_ANALYSIS = YES;
				CLANG_WARN_STRICT_PROTOTYPES = YES;
				CLANG_WARN_SUSPICIOUS_MOVE = YES;
				CLANG_WARN_UNGUARDED_AVAILABILITY = YES_AGGRESSIVE;
				CLANG_WARN_UNREACHABLE_CODE = YES;
				CLANG_WARN__DUPLICATE_METHOD_MATCH = YES;
				COPY_PHASE_STRIP = NO;
				DEBUG_INFORMATION_FORMAT = "dwarf-with-dsym";
				ENABLE_NS_ASSERTIONS = NO;
				ENABLE_STRICT_OBJC_MSGSEND = YES;
				ENABLE_USER_SCRIPT_SANDBOXING = YES;
				GCC_C_LANGUAGE_STANDARD = gnu17;
				GCC_NO_COMMON_BLOCKS = YES;
				GCC_WARN_64_TO_32_BIT_CONVERSION = YES;
				GCC_WARN_ABOUT_RETURN_TYPE = YES_ERROR;
				GCC_WARN_UNDECLARED_SELECTOR = YES;
				GCC_WARN_UNINITIALIZED_AUTOS = YES_AGGRESSIVE;
				GCC_WARN_UNUSED_FUNCTION = YES;
				GCC_WARN_UNUSED_VARIABLE = YES;
				HEADER_SEARCH_PATHS = (
					"$(PROJECT_DIR)/whisper.cpp-master/include",
					"$(PROJECT_DIR)/whisper.cpp-master/ggml/include",
				);
				LIBRARY_SEARCH_PATHS = (
					"$(PROJECT_DIR)/MacAudioRecorder",
					"$(inherited)",
				);
				LOCALIZATION_PREFERS_STRING_CATALOGS = YES;
				MACOSX_DEPLOYMENT_TARGET = 15.2;
				MTL_ENABLE_DEBUG_INFO = NO;
				MTL_FAST_MATH = YES;
				SDKROOT = macosx;
				SWIFT_COMPILATION_MODE = wholemodule;
			};
			name = Release;
		};
		C6CBAE5B2D9AF08C0053C5AB /* Debug */ = {
			isa = XCBuildConfiguration;
			buildSettings = {
				ASSETCATALOG_COMPILER_APPICON_NAME = AppIcon;
				ASSETCATALOG_COMPILER_GLOBAL_ACCENT_COLOR_NAME = AccentColor;
				CODE_SIGN_ENTITLEMENTS = MacAudioRecorder/MacAudioRecorder.entitlements;
				CODE_SIGN_STYLE = Automatic;
				COMBINE_HIDPI_IMAGES = YES;
				CURRENT_PROJECT_VERSION = 1;
				DEVELOPMENT_ASSET_PATHS = "\"MacAudioRecorder/Preview Content\"";
				DEVELOPMENT_TEAM = 2F42C6Z9KQ;
				ENABLE_HARDENED_RUNTIME = YES;
				ENABLE_PREVIEWS = YES;
				GENERATE_INFOPLIST_FILE = YES;
				INFOPLIST_KEY_LSApplicationCategoryType = "";
				INFOPLIST_KEY_NSHumanReadableCopyright = "";
				INFOPLIST_KEY_NSMicrophoneUsageDescription = "";
				LD_RUNPATH_SEARCH_PATHS = (
					"$(inherited)",
					"@executable_path/../Frameworks",
				);
				LIBRARY_SEARCH_PATHS = "$(PROJECT_DIR)/MacAudioRecorder";
				MACOSX_DEPLOYMENT_TARGET = 14.6;
				MARKETING_VERSION = 1.0;
				PRODUCT_BUNDLE_IDENTIFIER = io.github.ianpilon.MacAudioRecorder;
				PRODUCT_NAME = "$(TARGET_NAME)";
				SWIFT_EMIT_LOC_STRINGS = YES;
				SWIFT_OBJC_BRIDGING_HEADER = "MacAudioRecorder/MacAudioRecorder-Bridging-Header.h";
				SWIFT_VERSION = 5.0;
			};
			name = Debug;
		};
		C6CBAE5C2D9AF08C0053C5AB /* Release */ = {
			isa = XCBuildConfiguration;
			buildSettings = {
				ASSETCATALOG_COMPILER_APPICON_NAME = AppIcon;
				ASSETCATALOG_COMPILER_GLOBAL_ACCENT_COLOR_NAME = AccentColor;
				CODE_SIGN_ENTITLEMENTS = MacAudioRecorder/MacAudioRecorder.entitlements;
				CODE_SIGN_STYLE = Automatic;
				COMBINE_HIDPI_IMAGES = YES;
				CURRENT_PROJECT_VERSION = 1;
				DEVELOPMENT_ASSET_PATHS = "\"MacAudioRecorder/Preview Content\"";
				DEVELOPMENT_TEAM = 2F42C6Z9KQ;
				ENABLE_HARDENED_RUNTIME = YES;
				ENABLE_PREVIEWS = YES;
				GENERATE_INFOPLIST_FILE = YES;
				INFOPLIST_KEY_LSApplicationCategoryType = "";
				INFOPLIST_KEY_NSHumanReadableCopyright = "";
				INFOPLIST_KEY_NSMicrophoneUsageDescription = "";
				LD_RUNPATH_SEARCH_PATHS = (
					"$(inherited)",
					"@executable_path/../Frameworks",
				);
				LIBRARY_SEARCH_PATHS = "$(PROJECT_DIR)/MacAudioRecorder";
				MACOSX_DEPLOYMENT_TARGET = 14.6;
				MARKETING_VERSION = 1.0;
				PRODUCT_BUNDLE_IDENTIFIER = io.github.ianpilon.MacAudioRecorder;
				PRODUCT_NAME = "$(TARGET_NAME)";
				SWIFT_EMIT_LOC_STRINGS = YES;
				SWIFT_OBJC_BRIDGING_HEADER = "MacAudioRecorder/MacAudioRecorder-Bridging-Header.h";
				SWIFT_VERSION = 5.0;
			};
			name = Release;
		};
		C6CBAE5E2D9AF08C0053C5AB /* Debug */ = {
			isa = XCBuildConfiguration;
			buildSettings = {
				BUNDLE_LOADER = "$(TEST_HOST)";
				CODE_SIGN_STYLE = Automatic;
				CURRENT_PROJECT_VERSION = 1;
				DEVELOPMENT_TEAM = 2F42C6Z9KQ;
				GENERATE_INFOPLIST_FILE = YES;
				MACOSX_DEPLOYMENT_TARGET = 15.2;
				MARKETING_VERSION = 1.0;
				PRODUCT_BUNDLE_IDENTIFIER = io.github.ianpilon.MacAudioRecorderTests;
				PRODUCT_NAME = "$(TARGET_NAME)";
				SWIFT_EMIT_LOC_STRINGS = NO;
				SWIFT_VERSION = 5.0;
				TEST_HOST = "$(BUILT_PRODUCTS_DIR)/MacAudioRecorder.app/$(BUNDLE_EXECUTABLE_FOLDER_PATH)/MacAudioRecorder";
			};
			name = Debug;
		};
		C6CBAE5F2D9AF08C0053C5AB /* Release */ = {
			isa = XCBuildConfiguration;
			buildSettings = {
				BUNDLE_LOADER = "$(TEST_HOST)";
				CODE_SIGN_STYLE = Automatic;
				CURRENT_PROJECT_VERSION = 1;
				DEVELOPMENT_TEAM = 2F42C6Z9KQ;
				GENERATE_INFOPLIST_FILE = YES;
				MACOSX_DEPLOYMENT_TARGET = 15.2;
				MARKETING_VERSION = 1.0;
				PRODUCT_BUNDLE_IDENTIFIER = io.github.ianpilon.MacAudioRecorderTests;
				PRODUCT_NAME = "$(TARGET_NAME)";
				SWIFT_EMIT_LOC_STRINGS = NO;
				SWIFT_VERSION = 5.0;
				TEST_HOST = "$(BUILT_PRODUCTS_DIR)/MacAudioRecorder.app/$(BUNDLE_EXECUTABLE_FOLDER_PATH)/MacAudioRecorder";
			};
			name = Release;
		};
		C6CBAE612D9AF08C0053C5AB /* Debug */ = {
			isa = XCBuildConfiguration;
			buildSettings = {
				CODE_SIGN_STYLE = Automatic;
				CURRENT_PROJECT_VERSION = 1;
				DEVELOPMENT_TEAM = 2F42C6Z9KQ;
				GENERATE_INFOPLIST_FILE = YES;
				MARKETING_VERSION = 1.0;
				PRODUCT_BUNDLE_IDENTIFIER = io.github.ianpilon.MacAudioRecorderUITests;
				PRODUCT_NAME = "$(TARGET_NAME)";
				SWIFT_EMIT_LOC_STRINGS = NO;
				SWIFT_VERSION = 5.0;
				TEST_TARGET_NAME = MacAudioRecorder;
			};
			name = Debug;
		};
		C6CBAE622D9AF08C0053C5AB /* Release */ = {
			isa = XCBuildConfiguration;
			buildSettings = {
				CODE_SIGN_STYLE = Automatic;
				CURRENT_PROJECT_VERSION = 1;
				DEVELOPMENT_TEAM = 2F42C6Z9KQ;
				GENERATE_INFOPLIST_FILE = YES;
				MARKETING_VERSION = 1.0;
				PRODUCT_BUNDLE_IDENTIFIER = io.github.ianpilon.MacAudioRecorderUITests;
				PRODUCT_NAME = "$(TARGET_NAME)";
				SWIFT_EMIT_LOC_STRINGS = NO;
				SWIFT_VERSION = 5.0;
				TEST_TARGET_NAME = MacAudioRecorder;
			};
			name = Release;
		};
/* End XCBuildConfiguration section */

/* Begin XCConfigurationList section */
		C6CBAE302D9AF08A0053C5AB /* Build configuration list for PBXProject "MacAudioRecorder" */ = {
			isa = XCConfigurationList;
			buildConfigurations = (
				C6CBAE582D9AF08C0053C5AB /* Debug */,
				C6CBAE592D9AF08C0053C5AB /* Release */,
			);
			defaultConfigurationIsVisible = 0;
			defaultConfigurationName = Release;
		};
		C6CBAE5A2D9AF08C0053C5AB /* Build configuration list for PBXNativeTarget "MacAudioRecorder" */ = {
			isa = XCConfigurationList;
			buildConfigurations = (
				C6CBAE5B2D9AF08C0053C5AB /* Debug */,
				C6CBAE5C2D9AF08C0053C5AB /* Release */,
			);
			defaultConfigurationIsVisible = 0;
			defaultConfigurationName = Release;
		};
		C6CBAE5D2D9AF08C0053C5AB /* Build configuration list for PBXNativeTarget "MacAudioRecorderTests" */ = {
			isa = XCConfigurationList;
			buildConfigurations = (
				C6CBAE5E2D9AF08C0053C5AB /* Debug */,
				C6CBAE5F2D9AF08C0053C5AB /* Release */,
			);
			defaultConfigurationIsVisible = 0;
			defaultConfigurationName = Release;
		};
		C6CBAE602D9AF08C0053C5AB /* Build configuration list for PBXNativeTarget "MacAudioRecorderUITests" */ = {
			isa = XCConfigurationList;
			buildConfigurations = (
				C6CBAE612D9AF08C0053C5AB /* Debug */,
				C6CBAE622D9AF08C0053C5AB /* Release */,
			);
			defaultConfigurationIsVisible = 0;
			defaultConfigurationName = Release;
		};
/* End XCConfigurationList section */
	};
	rootObject = C6CBAE2D2D9AF08A0053C5AB /* Project object */;
}
